Microsoft Visual Studio Solution File, Format Version 12.00
# Visual Studio Version 17
VisualStudioVersion = 17.5.2.0
MinimumVisualStudioVersion = 10.0.40219.1
Project("{FAE04EC0-301F-11D3-BF4B-00C04F79EFBC}") = "RollerCoasterSim", "RollerCoasterSim.csproj", "{F3895463-0443-31E5-195C-E15FE9CABC7F}"
EndProject
Global
	GlobalSection(SolutionConfigurationPlatforms) = preSolution
		Debug|Any CPU = Debug|Any CPU
		Release|Any CPU = Release|Any CPU
	EndGlobalSection
	GlobalSection(ProjectConfigurationPlatforms) = postSolution
		{F3895463-0443-31E5-195C-E15FE9CABC7F}.Debug|Any CPU.ActiveCfg = Debug|Any CPU
		{F3895463-0443-31E5-195C-E15FE9CABC7F}.Debug|Any CPU.Build.0 = Debug|Any CPU
		{F3895463-0443-31E5-195C-E15FE9CABC7F}.Release|Any CPU.ActiveCfg = Release|Any CPU
		{F3895463-0443-31E5-195C-E15FE9CABC7F}.Release|Any CPU.Build.0 = Release|Any CPU
	EndGlobalSection
	GlobalSection(SolutionProperties) = preSolution
		HideSolutionNode = FALSE
	EndGlobalSection
	GlobalSection(ExtensibilityGlobals) = postSolution
		SolutionGuid = {ACD5E485-448F-4421-B3C6-6F2063F3B773}
	EndGlobalSection
EndGlobal
